// !$*UTF8*$!
{
	archiveVersion = 1;
	classes = {
	};
	objectVersion = 55;
	objects = {

/* Begin PBXBuildFile section */
		38F01E83AAEDEE5AB0924401 /* Pods_CryptoApp.framework in Frameworks */ = {isa = PBXBuildFile; fileRef = 5D714C1608431E2EC45B0DF5 /* Pods_CryptoApp.framework */; };
		7A3AE77A28C8BE8000EB4C2E /* UILabel.swift in Sources */ = {isa = PBXBuildFile; fileRef = 7A3AE77928C8BE8000EB4C2E /* UILabel.swift */; };
		7A4BBEC628C7957E00848022 /* CryptoDetailsViewModel.swift in Sources */ = {isa = PBXBuildFile; fileRef = 7A4BBEC528C7957E00848022 /* CryptoDetailsViewModel.swift */; };
		7A4BBECA28C7981A00848022 /* CryptoDetailsViewController.swift in Sources */ = {isa = PBXBuildFile; fileRef = 7A4BBEC928C7981A00848022 /* CryptoDetailsViewController.swift */; };
		7A4BBECC28C7BBC600848022 /* String.swift in Sources */ = {isa = PBXBuildFile; fileRef = 7A4BBECB28C7BBC600848022 /* String.swift */; };
		7AA268D528C51C29006E010D /* AppDelegate.swift in Sources */ = {isa = PBXBuildFile; fileRef = 7AA268D428C51C29006E010D /* AppDelegate.swift */; };
		7AA268D728C51C29006E010D /* SceneDelegate.swift in Sources */ = {isa = PBXBuildFile; fileRef = 7AA268D628C51C29006E010D /* SceneDelegate.swift */; };
		7AA268D928C51C29006E010D /* CryptoListViewController.swift in Sources */ = {isa = PBXBuildFile; fileRef = 7AA268D828C51C29006E010D /* CryptoListViewController.swift */; };
		7AA268DE28C51C2A006E010D /* Assets.xcassets in Resources */ = {isa = PBXBuildFile; fileRef = 7AA268DD28C51C2A006E010D /* Assets.xcassets */; };
		7AA268E128C51C2A006E010D /* LaunchScreen.storyboard in Resources */ = {isa = PBXBuildFile; fileRef = 7AA268DF28C51C2A006E010D /* LaunchScreen.storyboard */; };
		7ADA8A1728C7E53100C21E60 /* CryptoDetails.swift in Sources */ = {isa = PBXBuildFile; fileRef = 7ADA8A1628C7E53100C21E60 /* CryptoDetails.swift */; };
		7AF5FB8828C5FDCE008F2084 /* Constants.swift in Sources */ = {isa = PBXBuildFile; fileRef = 7AF5FB8728C5FDCE008F2084 /* Constants.swift */; };
		7AF5FB8A28C603BD008F2084 /* CryptoListViewModel.swift in Sources */ = {isa = PBXBuildFile; fileRef = 7AF5FB8928C603BD008F2084 /* CryptoListViewModel.swift */; };
		7AF5FB8C28C6042A008F2084 /* Cryptocurrency.swift in Sources */ = {isa = PBXBuildFile; fileRef = 7AF5FB8B28C6042A008F2084 /* Cryptocurrency.swift */; };
		7AF5FB8E28C60622008F2084 /* ServiceError.swift in Sources */ = {isa = PBXBuildFile; fileRef = 7AF5FB8D28C60622008F2084 /* ServiceError.swift */; };
		7AF5FB9328C60873008F2084 /* CryptoTableViewCell.swift in Sources */ = {isa = PBXBuildFile; fileRef = 7AF5FB9228C60873008F2084 /* CryptoTableViewCell.swift */; };
		7AF5FB9528C60901008F2084 /* CryptoCellViewModel.swift in Sources */ = {isa = PBXBuildFile; fileRef = 7AF5FB9428C60901008F2084 /* CryptoCellViewModel.swift */; };
		7AF5FB9828C60A39008F2084 /* UIViewController.swift in Sources */ = {isa = PBXBuildFile; fileRef = 7AF5FB9728C60A39008F2084 /* UIViewController.swift */; };
/* End PBXBuildFile section */

/* Begin PBXFileReference section */
		153AACE9E37CF12A4705D403 /* Pods-CryptoApp.debug.xcconfig */ = {isa = PBXFileReference; includeInIndex = 1; lastKnownFileType = text.xcconfig; name = "Pods-CryptoApp.debug.xcconfig"; path = "Target Support Files/Pods-CryptoApp/Pods-CryptoApp.debug.xcconfig"; sourceTree = "<group>"; };
		5809CEAE0B5FB2A71BBA4A1A /* Pods-CryptoApp.release.xcconfig */ = {isa = PBXFileReference; includeInIndex = 1; lastKnownFileType = text.xcconfig; name = "Pods-CryptoApp.release.xcconfig"; path = "Target Support Files/Pods-CryptoApp/Pods-CryptoApp.release.xcconfig"; sourceTree = "<group>"; };
		5D714C1608431E2EC45B0DF5 /* Pods_CryptoApp.framework */ = {isa = PBXFileReference; explicitFileType = wrapper.framework; includeInIndex = 0; path = Pods_CryptoApp.framework; sourceTree = BUILT_PRODUCTS_DIR; };
		7A3AE77928C8BE8000EB4C2E /* UILabel.swift */ = {isa = PBXFileReference; lastKnownFileType = sourcecode.swift; path = UILabel.swift; sourceTree = "<group>"; };
		7A4BBEC528C7957E00848022 /* CryptoDetailsViewModel.swift */ = {isa = PBXFileReference; lastKnownFileType = sourcecode.swift; path = CryptoDetailsViewModel.swift; sourceTree = "<group>"; };
		7A4BBEC928C7981A00848022 /* CryptoDetailsViewController.swift */ = {isa = PBXFileReference; lastKnownFileType = sourcecode.swift; path = CryptoDetailsViewController.swift; sourceTree = "<group>"; };
		7A4BBECB28C7BBC600848022 /* String.swift */ = {isa = PBXFileReference; lastKnownFileType = sourcecode.swift; path = String.swift; sourceTree = "<group>"; };
		7AA268D128C51C29006E010D /* CryptoApp.app */ = {isa = PBXFileReference; explicitFileType = wrapper.application; includeInIndex = 0; path = CryptoApp.app; sourceTree = BUILT_PRODUCTS_DIR; };
		7AA268D428C51C29006E010D /* AppDelegate.swift */ = {isa = PBXFileReference; lastKnownFileType = sourcecode.swift; path = AppDelegate.swift; sourceTree = "<group>"; };
		7AA268D628C51C29006E010D /* SceneDelegate.swift */ = {isa = PBXFileReference; lastKnownFileType = sourcecode.swift; path = SceneDelegate.swift; sourceTree = "<group>"; };
		7AA268D828C51C29006E010D /* CryptoListViewController.swift */ = {isa = PBXFileReference; lastKnownFileType = sourcecode.swift; path = CryptoListViewController.swift; sourceTree = "<group>"; };
		7AA268DD28C51C2A006E010D /* Assets.xcassets */ = {isa = PBXFileReference; lastKnownFileType = folder.assetcatalog; path = Assets.xcassets; sourceTree = "<group>"; };
		7AA268E028C51C2A006E010D /* Base */ = {isa = PBXFileReference; lastKnownFileType = file.storyboard; name = Base; path = Base.lproj/LaunchScreen.storyboard; sourceTree = "<group>"; };
		7AA268E228C51C2A006E010D /* Info.plist */ = {isa = PBXFileReference; lastKnownFileType = text.plist.xml; path = Info.plist; sourceTree = "<group>"; };
		7ADA8A1628C7E53100C21E60 /* CryptoDetails.swift */ = {isa = PBXFileReference; lastKnownFileType = sourcecode.swift; path = CryptoDetails.swift; sourceTree = "<group>"; };
		7AF5FB8728C5FDCE008F2084 /* Constants.swift */ = {isa = PBXFileReference; lastKnownFileType = sourcecode.swift; path = Constants.swift; sourceTree = "<group>"; };
		7AF5FB8928C603BD008F2084 /* CryptoListViewModel.swift */ = {isa = PBXFileReference; lastKnownFileType = sourcecode.swift; path = CryptoListViewModel.swift; sourceTree = "<group>"; };
		7AF5FB8B28C6042A008F2084 /* Cryptocurrency.swift */ = {isa = PBXFileReference; lastKnownFileType = sourcecode.swift; path = Cryptocurrency.swift; sourceTree = "<group>"; };
		7AF5FB8D28C60622008F2084 /* ServiceError.swift */ = {isa = PBXFileReference; lastKnownFileType = sourcecode.swift; path = ServiceError.swift; sourceTree = "<group>"; };
		7AF5FB9228C60873008F2084 /* CryptoTableViewCell.swift */ = {isa = PBXFileReference; lastKnownFileType = sourcecode.swift; path = CryptoTableViewCell.swift; sourceTree = "<group>"; };
		7AF5FB9428C60901008F2084 /* CryptoCellViewModel.swift */ = {isa = PBXFileReference; lastKnownFileType = sourcecode.swift; path = CryptoCellViewModel.swift; sourceTree = "<group>"; };
		7AF5FB9728C60A39008F2084 /* UIViewController.swift */ = {isa = PBXFileReference; lastKnownFileType = sourcecode.swift; path = UIViewController.swift; sourceTree = "<group>"; };
/* End PBXFileReference section */

/* Begin PBXFrameworksBuildPhase section */
		7AA268CE28C51C29006E010D /* Frameworks */ = {
			isa = PBXFrameworksBuildPhase;
			buildActionMask = 2147483647;
			files = (
				38F01E83AAEDEE5AB0924401 /* Pods_CryptoApp.framework in Frameworks */,
			);
			runOnlyForDeploymentPostprocessing = 0;
		};
/* End PBXFrameworksBuildPhase section */

/* Begin PBXGroup section */
		7A0540C328C51D6F001E1FB9 /* Controllers */ = {
			isa = PBXGroup;
			children = (
				7AA268D828C51C29006E010D /* CryptoListViewController.swift */,
				7A4BBEC928C7981A00848022 /* CryptoDetailsViewController.swift */,
			);
			path = Controllers;
			sourceTree = "<group>";
		};
		7A0540C428C51D8A001E1FB9 /* Common */ = {
			isa = PBXGroup;
			children = (
				7AA268D428C51C29006E010D /* AppDelegate.swift */,
				7AA268D628C51C29006E010D /* SceneDelegate.swift */,
				7AA268DD28C51C2A006E010D /* Assets.xcassets */,
				7AA268DF28C51C2A006E010D /* LaunchScreen.storyboard */,
			);
			path = Common;
			sourceTree = "<group>";
		};
		7AA268C828C51C29006E010D = {
			isa = PBXGroup;
			children = (
				7AA268D328C51C29006E010D /* CryptoApp */,
				7AA268D228C51C29006E010D /* Products */,
				8CAD184CAA8B7251E292E9C8 /* Pods */,
				F6451E94717467EADEB0E231 /* Frameworks */,
			);
			sourceTree = "<group>";
		};
		7AA268D228C51C29006E010D /* Products */ = {
			isa = PBXGroup;
			children = (
				7AA268D128C51C29006E010D /* CryptoApp.app */,
			);
			name = Products;
			sourceTree = "<group>";
		};
		7AA268D328C51C29006E010D /* CryptoApp */ = {
			isa = PBXGroup;
			children = (
				7AF5FB9628C60A31008F2084 /* Extensions */,
				7AF5FB9128C6084B008F2084 /* Views */,
				7A0540C428C51D8A001E1FB9 /* Common */,
				7AF5FB8528C5FD62008F2084 /* Models */,
				7A0540C328C51D6F001E1FB9 /* Controllers */,
				7AF5FB8628C5FD65008F2084 /* ViewModels */,
				7AA268E228C51C2A006E010D /* Info.plist */,
			);
			path = CryptoApp;
			sourceTree = "<group>";
		};
		7AF5FB8528C5FD62008F2084 /* Models */ = {
			isa = PBXGroup;
			children = (
				7AF5FB8B28C6042A008F2084 /* Cryptocurrency.swift */,
				7ADA8A1628C7E53100C21E60 /* CryptoDetails.swift */,
				7AF5FB8728C5FDCE008F2084 /* Constants.swift */,
				7AF5FB8D28C60622008F2084 /* ServiceError.swift */,
			);
			path = Models;
			sourceTree = "<group>";
		};
		7AF5FB8628C5FD65008F2084 /* ViewModels */ = {
			isa = PBXGroup;
			children = (
				7AF5FB8928C603BD008F2084 /* CryptoListViewModel.swift */,
				7A4BBEC528C7957E00848022 /* CryptoDetailsViewModel.swift */,
				7AF5FB9428C60901008F2084 /* CryptoCellViewModel.swift */,
			);
			path = ViewModels;
			sourceTree = "<group>";
		};
		7AF5FB9128C6084B008F2084 /* Views */ = {
			isa = PBXGroup;
			children = (
				7AF5FB9228C60873008F2084 /* CryptoTableViewCell.swift */,
			);
			path = Views;
			sourceTree = "<group>";
		};
		7AF5FB9628C60A31008F2084 /* Extensions */ = {
			isa = PBXGroup;
			children = (
				7AF5FB9728C60A39008F2084 /* UIViewController.swift */,
				7A4BBECB28C7BBC600848022 /* String.swift */,
				7A3AE77928C8BE8000EB4C2E /* UILabel.swift */,
			);
			path = Extensions;
			sourceTree = "<group>";
		};
		8CAD184CAA8B7251E292E9C8 /* Pods */ = {
			isa = PBXGroup;
			children = (
				153AACE9E37CF12A4705D403 /* Pods-CryptoApp.debug.xcconfig */,
				5809CEAE0B5FB2A71BBA4A1A /* Pods-CryptoApp.release.xcconfig */,
			);
			path = Pods;
			sourceTree = "<group>";
		};
		F6451E94717467EADEB0E231 /* Frameworks */ = {
			isa = PBXGroup;
			children = (
				5D714C1608431E2EC45B0DF5 /* Pods_CryptoApp.framework */,
			);
			name = Frameworks;
			sourceTree = "<group>";
		};
/* End PBXGroup section */

/* Begin PBXNativeTarget section */
		7AA268D028C51C29006E010D /* CryptoApp */ = {
			isa = PBXNativeTarget;
			buildConfigurationList = 7AA268E528C51C2A006E010D /* Build configuration list for PBXNativeTarget "CryptoApp" */;
			buildPhases = (
				819CE419D098F330212C8CBE /* [CP] Check Pods Manifest.lock */,
				7AA268CD28C51C29006E010D /* Sources */,
				7AA268CE28C51C29006E010D /* Frameworks */,
				7AA268CF28C51C29006E010D /* Resources */,
				827EE83CA74A5A4510A6AF45 /* [CP] Embed Pods Frameworks */,
			);
			buildRules = (
			);
			dependencies = (
			);
			name = CryptoApp;
			productName = CryptoApp;
			productReference = 7AA268D128C51C29006E010D /* CryptoApp.app */;
			productType = "com.apple.product-type.application";
		};
/* End PBXNativeTarget section */

/* Begin PBXProject section */
		7AA268C928C51C29006E010D /* Project object */ = {
			isa = PBXProject;
			attributes = {
				BuildIndependentTargetsInParallel = 1;
				LastSwiftUpdateCheck = 1340;
				LastUpgradeCheck = 1340;
				TargetAttributes = {
					7AA268D028C51C29006E010D = {
						CreatedOnToolsVersion = 13.4.1;
					};
				};
			};
			buildConfigurationList = 7AA268CC28C51C29006E010D /* Build configuration list for PBXProject "CryptoApp" */;
			compatibilityVersion = "Xcode 13.0";
			developmentRegion = en;
			hasScannedForEncodings = 0;
			knownRegions = (
				en,
				Base,
			);
			mainGroup = 7AA268C828C51C29006E010D;
			productRefGroup = 7AA268D228C51C29006E010D /* Products */;
			projectDirPath = "";
			projectRoot = "";
			targets = (
				7AA268D028C51C29006E010D /* CryptoApp */,
			);
		};
/* End PBXProject section */

/* Begin PBXResourcesBuildPhase section */
		7AA268CF28C51C29006E010D /* Resources */ = {
			isa = PBXResourcesBuildPhase;
			buildActionMask = 2147483647;
			files = (
				7AA268E128C51C2A006E010D /* LaunchScreen.storyboard in Resources */,
				7AA268DE28C51C2A006E010D /* Assets.xcassets in Resources */,
			);
			runOnlyForDeploymentPostprocessing = 0;
		};
/* End PBXResourcesBuildPhase section */

/* Begin PBXShellScriptBuildPhase section */
		819CE419D098F330212C8CBE /* [CP] Check Pods Manifest.lock */ = {
			isa = PBXShellScriptBuildPhase;
			buildActionMask = 2147483647;
			files = (
			);
			inputFileListPaths = (
			);
			inputPaths = (
				"${PODS_PODFILE_DIR_PATH}/Podfile.lock",
				"${PODS_ROOT}/Manifest.lock",
			);
			name = "[CP] Check Pods Manifest.lock";
			outputFileListPaths = (
			);
			outputPaths = (
				"$(DERIVED_FILE_DIR)/Pods-CryptoApp-checkManifestLockResult.txt",
			);
			runOnlyForDeploymentPostprocessing = 0;
			shellPath = /bin/sh;
			shellScript = "diff \"${PODS_PODFILE_DIR_PATH}/Podfile.lock\" \"${PODS_ROOT}/Manifest.lock\" > /dev/null\nif [ $? != 0 ] ; then\n    # print error to STDERR\n    echo \"error: The sandbox is not in sync with the Podfile.lock. Run 'pod install' or update your CocoaPods installation.\" >&2\n    exit 1\nfi\n# This output is used by Xcode 'outputs' to avoid re-running this script phase.\necho \"SUCCESS\" > \"${SCRIPT_OUTPUT_FILE_0}\"\n";
			showEnvVarsInLog = 0;
		};
		827EE83CA74A5A4510A6AF45 /* [CP] Embed Pods Frameworks */ = {
			isa = PBXShellScriptBuildPhase;
			buildActionMask = 2147483647;
			files = (
			);
			inputFileListPaths = (
				"${PODS_ROOT}/Target Support Files/Pods-CryptoApp/Pods-CryptoApp-frameworks-${CONFIGURATION}-input-files.xcfilelist",
			);
			name = "[CP] Embed Pods Frameworks";
			outputFileListPaths = (
				"${PODS_ROOT}/Target Support Files/Pods-CryptoApp/Pods-CryptoApp-frameworks-${CONFIGURATION}-output-files.xcfilelist",
			);
			runOnlyForDeploymentPostprocessing = 0;
			shellPath = /bin/sh;
			shellScript = "\"${PODS_ROOT}/Target Support Files/Pods-CryptoApp/Pods-CryptoApp-frameworks.sh\"\n";
			showEnvVarsInLog = 0;
		};
/* End PBXShellScriptBuildPhase section */

/* Begin PBXSourcesBuildPhase section */
		7AA268CD28C51C29006E010D /* Sources */ = {
			isa = PBXSourcesBuildPhase;
			buildActionMask = 2147483647;
			files = (
				7AF5FB9328C60873008F2084 /* CryptoTableViewCell.swift in Sources */,
				7A4BBEC628C7957E00848022 /* CryptoDetailsViewModel.swift in Sources */,
				7AF5FB8A28C603BD008F2084 /* CryptoListViewModel.swift in Sources */,
				7AF5FB8C28C6042A008F2084 /* Cryptocurrency.swift in Sources */,
				7A4BBECC28C7BBC600848022 /* String.swift in Sources */,
				7AA268D928C51C29006E010D /* CryptoListViewController.swift in Sources */,
				7A3AE77A28C8BE8000EB4C2E /* UILabel.swift in Sources */,
				7AF5FB9828C60A39008F2084 /* UIViewController.swift in Sources */,
				7AA268D528C51C29006E010D /* AppDelegate.swift in Sources */,
				7ADA8A1728C7E53100C21E60 /* CryptoDetails.swift in Sources */,
				7AA268D728C51C29006E010D /* SceneDelegate.swift in Sources */,
				7A4BBECA28C7981A00848022 /* CryptoDetailsViewController.swift in Sources */,
				7AF5FB8E28C60622008F2084 /* ServiceError.swift in Sources */,
				7AF5FB8828C5FDCE008F2084 /* Constants.swift in Sources */,
				7AF5FB9528C60901008F2084 /* CryptoCellViewModel.swift in Sources */,
			);
			runOnlyForDeploymentPostprocessing = 0;
		};
/* End PBXSourcesBuildPhase section */

/* Begin PBXVariantGroup section */
		7AA268DF28C51C2A006E010D /* LaunchScreen.storyboard */ = {
			isa = PBXVariantGroup;
			children = (
				7AA268E028C51C2A006E010D /* Base */,
			);
			name = LaunchScreen.storyboard;
			sourceTree = "<group>";
		};
/* End PBXVariantGroup section */

/* Begin XCBuildConfiguration section */
		7AA268E328C51C2A006E010D /* Debug */ = {
			isa = XCBuildConfiguration;
			buildSettings = {
				ALWAYS_SEARCH_USER_PATHS = NO;
				CLANG_ANALYZER_NONNULL = YES;
				CLANG_ANALYZER_NUMBER_OBJECT_CONVERSION = YES_AGGRESSIVE;
				CLANG_CXX_LANGUAGE_STANDARD = "gnu++17";
				CLANG_ENABLE_MODULES = YES;
				CLANG_ENABLE_OBJC_ARC = YES;
				CLANG_ENABLE_OBJC_WEAK = YES;
				CLANG_WARN_BLOCK_CAPTURE_AUTORELEASING = YES;
				CLANG_WARN_BOOL_CONVERSION = YES;
				CLANG_WARN_COMMA = YES;
				CLANG_WARN_CONSTANT_CONVERSION = YES;
				CLANG_WARN_DEPRECATED_OBJC_IMPLEMENTATIONS = YES;
				CLANG_WARN_DIRECT_OBJC_ISA_USAGE = YES_ERROR;
				CLANG_WARN_DOCUMENTATION_COMMENTS = YES;
				CLANG_WARN_EMPTY_BODY = YES;
				CLANG_WARN_ENUM_CONVERSION = YES;
				CLANG_WARN_INFINITE_RECURSION = YES;
				CLANG_WARN_INT_CONVERSION = YES;
				CLANG_WARN_NON_LITERAL_NULL_CONVERSION = YES;
				CLANG_WARN_OBJC_IMPLICIT_RETAIN_SELF = YES;
				CLANG_WARN_OBJC_LITERAL_CONVERSION = YES;
				CLANG_WARN_OBJC_ROOT_CLASS = YES_ERROR;
				CLANG_WARN_QUOTED_INCLUDE_IN_FRAMEWORK_HEADER = YES;
				CLANG_WARN_RANGE_LOOP_ANALYSIS = YES;
				CLANG_WARN_STRICT_PROTOTYPES = YES;
				CLANG_WARN_SUSPICIOUS_MOVE = YES;
				CLANG_WARN_UNGUARDED_AVAILABILITY = YES_AGGRESSIVE;
				CLANG_WARN_UNREACHABLE_CODE = YES;
				CLANG_WARN__DUPLICATE_METHOD_MATCH = YES;
				COPY_PHASE_STRIP = NO;
				DEBUG_INFORMATION_FORMAT = dwarf;
				ENABLE_STRICT_OBJC_MSGSEND = YES;
				ENABLE_TESTABILITY = YES;
				GCC_C_LANGUAGE_STANDARD = gnu11;
				GCC_DYNAMIC_NO_PIC = NO;
				GCC_NO_COMMON_BLOCKS = YES;
				GCC_OPTIMIZATION_LEVEL = 0;
				GCC_PREPROCESSOR_DEFINITIONS = (
					"DEBUG=1",
					"$(inherited)",
				);
				GCC_WARN_64_TO_32_BIT_CONVERSION = YES;
				GCC_WARN_ABOUT_RETURN_TYPE = YES_ERROR;
				GCC_WARN_UNDECLARED_SELECTOR = YES;
				GCC_WARN_UNINITIALIZED_AUTOS = YES_AGGRESSIVE;
				GCC_WARN_UNUSED_FUNCTION = YES;
				GCC_WARN_UNUSED_VARIABLE = YES;
				IPHONEOS_DEPLOYMENT_TARGET = 15.5;
				MTL_ENABLE_DEBUG_INFO = INCLUDE_SOURCE;
				MTL_FAST_MATH = YES;
				ONLY_ACTIVE_ARCH = YES;
				SDKROOT = iphoneos;
				SWIFT_ACTIVE_COMPILATION_CONDITIONS = DEBUG;
				SWIFT_OPTIMIZATION_LEVEL = "-Onone";
			};
			name = Debug;
		};
		7AA268E428C51C2A006E010D /* Release */ = {
			isa = XCBuildConfiguration;
			buildSettings = {
				ALWAYS_SEARCH_USER_PATHS = NO;
				CLANG_ANALYZER_NONNULL = YES;
				CLANG_ANALYZER_NUMBER_OBJECT_CONVERSION = YES_AGGRESSIVE;
				CLANG_CXX_LANGUAGE_STANDARD = "gnu++17";
				CLANG_ENABLE_MODULES = YES;
				CLANG_ENABLE_OBJC_ARC = YES;
				CLANG_ENABLE_OBJC_WEAK = YES;
				CLANG_WARN_BLOCK_CAPTURE_AUTORELEASING = YES;
				CLANG_WARN_BOOL_CONVERSION = YES;
				CLANG_WARN_COMMA = YES;
				CLANG_WARN_CONSTANT_CONVERSION = YES;
				CLANG_WARN_DEPRECATED_OBJC_IMPLEMENTATIONS = YES;
				CLANG_WARN_DIRECT_OBJC_ISA_USAGE = YES_ERROR;
				CLANG_WARN_DOCUMENTATION_COMMENTS = YES;
				CLANG_WARN_EMPTY_BODY = YES;
				CLANG_WARN_ENUM_CONVERSION = YES;
				CLANG_WARN_INFINITE_RECURSION = YES;
				CLANG_WARN_INT_CONVERSION = YES;
				CLANG_WARN_NON_LITERAL_NULL_CONVERSION = YES;
				CLANG_WARN_OBJC_IMPLICIT_RETAIN_SELF = YES;
				CLANG_WARN_OBJC_LITERAL_CONVERSION = YES;
				CLANG_WARN_OBJC_ROOT_CLASS = YES_ERROR;
				CLANG_WARN_QUOTED_INCLUDE_IN_FRAMEWORK_HEADER = YES;
				CLANG_WARN_RANGE_LOOP_ANALYSIS = YES;
				CLANG_WARN_STRICT_PROTOTYPES = YES;
				CLANG_WARN_SUSPICIOUS_MOVE = YES;
				CLANG_WARN_UNGUARDED_AVAILABILITY = YES_AGGRESSIVE;
				CLANG_WARN_UNREACHABLE_CODE = YES;
				CLANG_WARN__DUPLICATE_METHOD_MATCH = YES;
				COPY_PHASE_STRIP = NO;
				DEBUG_INFORMATION_FORMAT = "dwarf-with-dsym";
				ENABLE_NS_ASSERTIONS = NO;
				ENABLE_STRICT_OBJC_MSGSEND = YES;
				GCC_C_LANGUAGE_STANDARD = gnu11;
				GCC_NO_COMMON_BLOCKS = YES;
				GCC_WARN_64_TO_32_BIT_CONVERSION = YES;
				GCC_WARN_ABOUT_RETURN_TYPE = YES_ERROR;
				GCC_WARN_UNDECLARED_SELECTOR = YES;
				GCC_WARN_UNINITIALIZED_AUTOS = YES_AGGRESSIVE;
				GCC_WARN_UNUSED_FUNCTION = YES;
				GCC_WARN_UNUSED_VARIABLE = YES;
				IPHONEOS_DEPLOYMENT_TARGET = 15.5;
				MTL_ENABLE_DEBUG_INFO = NO;
				MTL_FAST_MATH = YES;
				SDKROOT = iphoneos;
				SWIFT_COMPILATION_MODE = wholemodule;
				SWIFT_OPTIMIZATION_LEVEL = "-O";
				VALIDATE_PRODUCT = YES;
			};
			name = Release;
		};
		7AA268E628C51C2A006E010D /* Debug */ = {
			isa = XCBuildConfiguration;
			baseConfigurationReference = 153AACE9E37CF12A4705D403 /* Pods-CryptoApp.debug.xcconfig */;
			buildSettings = {
				ASSETCATALOG_COMPILER_APPICON_NAME = AppIcon;
				ASSETCATALOG_COMPILER_GLOBAL_ACCENT_COLOR_NAME = AccentColor;
				CODE_SIGN_STYLE = Automatic;
				CURRENT_PROJECT_VERSION = 1;
				GENERATE_INFOPLIST_FILE = YES;
				INFOPLIST_FILE = CryptoApp/Info.plist;
				INFOPLIST_KEY_CFBundleDisplayName = "Crypto App";
				INFOPLIST_KEY_UIApplicationSupportsIndirectInputEvents = YES;
				INFOPLIST_KEY_UILaunchStoryboardName = LaunchScreen;
				INFOPLIST_KEY_UISupportedInterfaceOrientations_iPad = "UIInterfaceOrientationPortrait UIInterfaceOrientationPortraitUpsideDown UIInterfaceOrientationLandscapeLeft UIInterfaceOrientationLandscapeRight";
				INFOPLIST_KEY_UISupportedInterfaceOrientations_iPhone = "UIInterfaceOrientationPortrait UIInterfaceOrientationLandscapeLeft UIInterfaceOrientationLandscapeRight";
				LD_RUNPATH_SEARCH_PATHS = (
					"$(inherited)",
					"@executable_path/Frameworks",
				);
				MARKETING_VERSION = 1.0;
				PRODUCT_BUNDLE_IDENTIFIER = com.yunusekoca.CryptoApp;
				PRODUCT_NAME = "$(TARGET_NAME)";
				SWIFT_EMIT_LOC_STRINGS = YES;
				SWIFT_VERSION = 5.0;
				TARGETED_DEVICE_FAMILY = "1,2";
			};
			name = Debug;
		};
		7AA268E728C51C2A006E010D /* Release */ = {
			isa = XCBuildConfiguration;
			baseConfigurationReference = 5809CEAE0B5FB2A71BBA4A1A /* Pods-CryptoApp.release.xcconfig */;
			buildSettings = {
				ASSETCATALOG_COMPILER_APPICON_NAME = AppIcon;
				ASSETCATALOG_COMPILER_GLOBAL_ACCENT_COLOR_NAME = AccentColor;
				CODE_SIGN_STYLE = Automatic;
				CURRENT_PROJECT_VERSION = 1;
				GENERATE_INFOPLIST_FILE = YES;
				INFOPLIST_FILE = CryptoApp/Info.plist;
				INFOPLIST_KEY_CFBundleDisplayName = "Crypto App";
				INFOPLIST_KEY_UIApplicationSupportsIndirectInputEvents = YES;
				INFOPLIST_KEY_UILaunchStoryboardName = LaunchScreen;
				INFOPLIST_KEY_UISupportedInterfaceOrientations_iPad = "UIInterfaceOrientationPortrait UIInterfaceOrientationPortraitUpsideDown UIInterfaceOrientationLandscapeLeft UIInterfaceOrientationLandscapeRight";
				INFOPLIST_KEY_UISupportedInterfaceOrientations_iPhone = "UIInterfaceOrientationPortrait UIInterfaceOrientationLandscapeLeft UIInterfaceOrientationLandscapeRight";
				LD_RUNPATH_SEARCH_PATHS = (
					"$(inherited)",
					"@executable_path/Frameworks",
				);
				MARKETING_VERSION = 1.0;
				PRODUCT_BUNDLE_IDENTIFIER = com.yunusekoca.CryptoApp;
				PRODUCT_NAME = "$(TARGET_NAME)";
				SWIFT_EMIT_LOC_STRINGS = YES;
				SWIFT_VERSION = 5.0;
				TARGETED_DEVICE_FAMILY = "1,2";
			};
			name = Release;
		};
/* End XCBuildConfiguration section */

/* Begin XCConfigurationList section */
		7AA268CC28C51C29006E010D /* Build configuration list for PBXProject "CryptoApp" */ = {
			isa = XCConfigurationList;
			buildConfigurations = (
				7AA268E328C51C2A006E010D /* Debug */,
				7AA268E428C51C2A006E010D /* Release */,
			);
			defaultConfigurationIsVisible = 0;
			defaultConfigurationName = Release;
		};
		7AA268E528C51C2A006E010D /* Build configuration list for PBXNativeTarget "CryptoApp" */ = {
			isa = XCConfigurationList;
			buildConfigurations = (
				7AA268E628C51C2A006E010D /* Debug */,
				7AA268E728C51C2A006E010D /* Release */,
			);
			defaultConfigurationIsVisible = 0;
			defaultConfigurationName = Release;
		};
/* End XCConfigurationList section */
	};
	rootObject = 7AA268C928C51C29006E010D /* Project object */;
}
